
Microsoft Visual Studio Solution File, Format Version 12.00
# Visual Studio Version 16
VisualStudioVersion = 16.0.31205.134
MinimumVisualStudioVersion = 10.0.40219.1
Project("{2150E333-8FDC-42A3-9474-1A3956D46DE8}") = "src", "src", "{52EE83F5-75F1-4705-A62E-29AA964B2002}"
EndProject
Project("{2150E333-8FDC-42A3-9474-1A3956D46DE8}") = "BuildingBlocks", "BuildingBlocks", "{68B39429-1748-4E04-BE11-70FFAD8263E7}"
EndProject
Project("{2150E333-8FDC-42A3-9474-1A3956D46DE8}") = "Services", "Services", "{FFAC25CD-1A60-49C8-9F66-BCD2BCEBA72C}"
EndProject
Project("{2150E333-8FDC-42A3-9474-1A3956D46DE8}") = "Web", "Web", "{3D946144-7DD6-449B-9E32-5E8AC77733A5}"
EndProject
Project("{2150E333-8FDC-42A3-9474-1A3956D46DE8}") = "Identidade", "Identidade", "{22B42D5D-9BF3-447F-BC73-66183D671E72}"
EndProject
Project("{9A19103F-16F7-4668-BE54-9A1E7A4F7556}") = "NSE.Identidade.API", "src\services\NSE.Identidade.API\NSE.Identidade.API.csproj", "{A415FAFC-1CAD-445F-92EE-EAEB7F0D3F6C}"
EndProject
Project("{2150E333-8FDC-42A3-9474-1A3956D46DE8}") = "MVC", "MVC", "{293BC9F8-61C1-4D27-8BD4-3D0A273A73F1}"
EndProject
Project("{9A19103F-16F7-4668-BE54-9A1E7A4F7556}") = "NSE.WebApp.MVC", "src\Web\NSE.WebApp.MVC\NSE.WebApp.MVC.csproj", "{F777F90F-71EC-4E9E-A36D-32637A445933}"
EndProject
Project("{2150E333-8FDC-42A3-9474-1A3956D46DE8}") = "Core", "Core", "{50482544-E783-4196-96AF-8A79C526DDFD}"
EndProject
Project("{9A19103F-16F7-4668-BE54-9A1E7A4F7556}") = "NSE.Core", "src\BuildingBlocks\NSE.Core\NSE.Core.csproj", "{0FCF07E8-CA13-4E21-A4E7-D0A6560DD2B6}"
EndProject
Project("{2150E333-8FDC-42A3-9474-1A3956D46DE8}") = "Carrinho", "Carrinho", "{8676DE0E-A2FD-4D1B-8394-F2267E245FD4}"
EndProject
Project("{2150E333-8FDC-42A3-9474-1A3956D46DE8}") = "Catalogo", "Catalogo", "{C8D75E4C-6631-4CCF-AF99-4615017E6686}"
EndProject
Project("{2150E333-8FDC-42A3-9474-1A3956D46DE8}") = "Cliente", "Cliente", "{C0837762-D2FF-41F1-BF86-D7A2A01ED730}"
EndProject
Project("{2150E333-8FDC-42A3-9474-1A3956D46DE8}") = "Pagamento", "Pagamento", "{B07E73E3-F746-40B5-81B0-F42946767878}"
EndProject
Project("{2150E333-8FDC-42A3-9474-1A3956D46DE8}") = "Pedido", "Pedido", "{BAA81CB3-D858-4BD9-8E27-5B016135CA8D}"
EndProject
Project("{9A19103F-16F7-4668-BE54-9A1E7A4F7556}") = "NSE.Carrinho.API", "src\Services\NSE.Carrinho.API\NSE.Carrinho.API.csproj", "{16109C25-5E43-4C0C-997C-DDB8378A134D}"
EndProject
Project("{9A19103F-16F7-4668-BE54-9A1E7A4F7556}") = "NSE.Catalogo.API", "src\Services\NSE.Catalogo.API\NSE.Catalogo.API.csproj", "{A33B5ACD-43CD-4783-A821-2E45597C7A01}"
EndProject
Project("{9A19103F-16F7-4668-BE54-9A1E7A4F7556}") = "NSE.Cliente.API", "src\Services\NSE.Cliente.API\NSE.Cliente.API.csproj", "{C7DA69C2-CC78-4010-B8A0-96C5A4B9E513}"
EndProject
Project("{9A19103F-16F7-4668-BE54-9A1E7A4F7556}") = "NSE.Pagamento.API", "src\Services\NSE.Pagamento.API\NSE.Pagamento.API.csproj", "{18CBA482-191E-495F-BF29-EBB3DE608B32}"
EndProject
Project("{9A19103F-16F7-4668-BE54-9A1E7A4F7556}") = "NSE.Pedido.API", "src\Services\NSE.Pedido.API\NSE.Pedido.API.csproj", "{674D4AB8-F5E2-49B2-B5DD-57CF557F7690}"
EndProject
Project("{2150E333-8FDC-42A3-9474-1A3956D46DE8}") = "Solution Items", "Solution Items", "{3DD7898C-1FA1-4245-91D1-685D913DBBFB}"
	ProjectSection(SolutionItems) = preProject
		README.md = README.md
	EndProjectSection
EndProject
Global
	GlobalSection(SolutionConfigurationPlatforms) = preSolution
		Debug|Any CPU = Debug|Any CPU
		Release|Any CPU = Release|Any CPU
	EndGlobalSection
	GlobalSection(ProjectConfigurationPlatforms) = postSolution
		{A415FAFC-1CAD-445F-92EE-EAEB7F0D3F6C}.Debug|Any CPU.ActiveCfg = Debug|Any CPU
		{A415FAFC-1CAD-445F-92EE-EAEB7F0D3F6C}.Debug|Any CPU.Build.0 = Debug|Any CPU
		{A415FAFC-1CAD-445F-92EE-EAEB7F0D3F6C}.Release|Any CPU.ActiveCfg = Release|Any CPU
		{A415FAFC-1CAD-445F-92EE-EAEB7F0D3F6C}.Release|Any CPU.Build.0 = Release|Any CPU
		{F777F90F-71EC-4E9E-A36D-32637A445933}.Debug|Any CPU.ActiveCfg = Debug|Any CPU
		{F777F90F-71EC-4E9E-A36D-32637A445933}.Debug|Any CPU.Build.0 = Debug|Any CPU
		{F777F90F-71EC-4E9E-A36D-32637A445933}.Release|Any CPU.ActiveCfg = Release|Any CPU
		{F777F90F-71EC-4E9E-A36D-32637A445933}.Release|Any CPU.Build.0 = Release|Any CPU
		{0FCF07E8-CA13-4E21-A4E7-D0A6560DD2B6}.Debug|Any CPU.ActiveCfg = Debug|Any CPU
		{0FCF07E8-CA13-4E21-A4E7-D0A6560DD2B6}.Debug|Any CPU.Build.0 = Debug|Any CPU
		{0FCF07E8-CA13-4E21-A4E7-D0A6560DD2B6}.Release|Any CPU.ActiveCfg = Release|Any CPU
		{0FCF07E8-CA13-4E21-A4E7-D0A6560DD2B6}.Release|Any CPU.Build.0 = Release|Any CPU
		{16109C25-5E43-4C0C-997C-DDB8378A134D}.Debug|Any CPU.ActiveCfg = Debug|Any CPU
		{16109C25-5E43-4C0C-997C-DDB8378A134D}.Debug|Any CPU.Build.0 = Debug|Any CPU
		{16109C25-5E43-4C0C-997C-DDB8378A134D}.Release|Any CPU.ActiveCfg = Release|Any CPU
		{16109C25-5E43-4C0C-997C-DDB8378A134D}.Release|Any CPU.Build.0 = Release|Any CPU
		{A33B5ACD-43CD-4783-A821-2E45597C7A01}.Debug|Any CPU.ActiveCfg = Debug|Any CPU
		{A33B5ACD-43CD-4783-A821-2E45597C7A01}.Debug|Any CPU.Build.0 = Debug|Any CPU
		{A33B5ACD-43CD-4783-A821-2E45597C7A01}.Release|Any CPU.ActiveCfg = Release|Any CPU
		{A33B5ACD-43CD-4783-A821-2E45597C7A01}.Release|Any CPU.Build.0 = Release|Any CPU
		{C7DA69C2-CC78-4010-B8A0-96C5A4B9E513}.Debug|Any CPU.ActiveCfg = Debug|Any CPU
		{C7DA69C2-CC78-4010-B8A0-96C5A4B9E513}.Debug|Any CPU.Build.0 = Debug|Any CPU
		{C7DA69C2-CC78-4010-B8A0-96C5A4B9E513}.Release|Any CPU.ActiveCfg = Release|Any CPU
		{C7DA69C2-CC78-4010-B8A0-96C5A4B9E513}.Release|Any CPU.Build.0 = Release|Any CPU
		{18CBA482-191E-495F-BF29-EBB3DE608B32}.Debug|Any CPU.ActiveCfg = Debug|Any CPU
		{18CBA482-191E-495F-BF29-EBB3DE608B32}.Debug|Any CPU.Build.0 = Debug|Any CPU
		{18CBA482-191E-495F-BF29-EBB3DE608B32}.Release|Any CPU.ActiveCfg = Release|Any CPU
		{18CBA482-191E-495F-BF29-EBB3DE608B32}.Release|Any CPU.Build.0 = Release|Any CPU
		{674D4AB8-F5E2-49B2-B5DD-57CF557F7690}.Debug|Any CPU.ActiveCfg = Debug|Any CPU
		{674D4AB8-F5E2-49B2-B5DD-57CF557F7690}.Debug|Any CPU.Build.0 = Debug|Any CPU
		{674D4AB8-F5E2-49B2-B5DD-57CF557F7690}.Release|Any CPU.ActiveCfg = Release|Any CPU
		{674D4AB8-F5E2-49B2-B5DD-57CF557F7690}.Release|Any CPU.Build.0 = Release|Any CPU
	EndGlobalSection
	GlobalSection(SolutionProperties) = preSolution
		HideSolutionNode = FALSE
	EndGlobalSection
	GlobalSection(NestedProjects) = preSolution
		{68B39429-1748-4E04-BE11-70FFAD8263E7} = {52EE83F5-75F1-4705-A62E-29AA964B2002}
		{FFAC25CD-1A60-49C8-9F66-BCD2BCEBA72C} = {52EE83F5-75F1-4705-A62E-29AA964B2002}
		{3D946144-7DD6-449B-9E32-5E8AC77733A5} = {52EE83F5-75F1-4705-A62E-29AA964B2002}
		{22B42D5D-9BF3-447F-BC73-66183D671E72} = {FFAC25CD-1A60-49C8-9F66-BCD2BCEBA72C}
		{A415FAFC-1CAD-445F-92EE-EAEB7F0D3F6C} = {22B42D5D-9BF3-447F-BC73-66183D671E72}
		{293BC9F8-61C1-4D27-8BD4-3D0A273A73F1} = {3D946144-7DD6-449B-9E32-5E8AC77733A5}
		{F777F90F-71EC-4E9E-A36D-32637A445933} = {293BC9F8-61C1-4D27-8BD4-3D0A273A73F1}
		{50482544-E783-4196-96AF-8A79C526DDFD} = {68B39429-1748-4E04-BE11-70FFAD8263E7}
		{0FCF07E8-CA13-4E21-A4E7-D0A6560DD2B6} = {50482544-E783-4196-96AF-8A79C526DDFD}
		{8676DE0E-A2FD-4D1B-8394-F2267E245FD4} = {FFAC25CD-1A60-49C8-9F66-BCD2BCEBA72C}
		{C8D75E4C-6631-4CCF-AF99-4615017E6686} = {FFAC25CD-1A60-49C8-9F66-BCD2BCEBA72C}
		{C0837762-D2FF-41F1-BF86-D7A2A01ED730} = {FFAC25CD-1A60-49C8-9F66-BCD2BCEBA72C}
		{B07E73E3-F746-40B5-81B0-F42946767878} = {FFAC25CD-1A60-49C8-9F66-BCD2BCEBA72C}
		{BAA81CB3-D858-4BD9-8E27-5B016135CA8D} = {FFAC25CD-1A60-49C8-9F66-BCD2BCEBA72C}
		{16109C25-5E43-4C0C-997C-DDB8378A134D} = {8676DE0E-A2FD-4D1B-8394-F2267E245FD4}
		{A33B5ACD-43CD-4783-A821-2E45597C7A01} = {C8D75E4C-6631-4CCF-AF99-4615017E6686}
		{C7DA69C2-CC78-4010-B8A0-96C5A4B9E513} = {C0837762-D2FF-41F1-BF86-D7A2A01ED730}
		{18CBA482-191E-495F-BF29-EBB3DE608B32} = {B07E73E3-F746-40B5-81B0-F42946767878}
		{674D4AB8-F5E2-49B2-B5DD-57CF557F7690} = {BAA81CB3-D858-4BD9-8E27-5B016135CA8D}
	EndGlobalSection
	GlobalSection(ExtensibilityGlobals) = postSolution
		SolutionGuid = {99488BBC-D93B-4E51-BDCA-14AC546F3906}
	EndGlobalSection
EndGlobal
